
Microsoft Visual Studio Solution File, Format Version 12.00
# Visual Studio Version 16
VisualStudioVersion = 16.0.29326.143
MinimumVisualStudioVersion = 10.0.40219.1
Project("{FAE04EC0-301F-11D3-BF4B-00C04F79EFBC}") = "MayTinhCalculator", "MayTinhCalculator\MayTinhCalculator.csproj", "{FB8A7735-2F9B-4F9E-AC19-07E97C567C79}"
EndProject
Global
	GlobalSection(SolutionConfigurationPlatforms) = preSolution
		Debug|Any CPU = Debug|Any CPU
		Release|Any CPU = Release|Any CPU
	EndGlobalSection
	GlobalSection(ProjectConfigurationPlatforms) = postSolution
		{FB8A7735-2F9B-4F9E-AC19-07E97C567C79}.Debug|Any CPU.ActiveCfg = Debug|Any CPU
		{FB8A7735-2F9B-4F9E-AC19-07E97C567C79}.Debug|Any CPU.Build.0 = Debug|Any CPU
		{FB8A7735-2F9B-4F9E-AC19-07E97C567C79}.Release|Any CPU.ActiveCfg = Release|Any CPU
		{FB8A7735-2F9B-4F9E-AC19-07E97C567C79}.Release|Any CPU.Build.0 = Release|Any CPU
	EndGlobalSection
	GlobalSection(SolutionProperties) = preSolution
		HideSolutionNode = FALSE
	EndGlobalSection
	GlobalSection(ExtensibilityGlobals) = postSolution
		SolutionGuid = {22CFCA35-B3E7-4FF7-BD01-098B9A05FF9F}
	EndGlobalSection
EndGlobal
